// !$*UTF8*$!
{
	archiveVersion = 1;
	classes = {
	};
	objectVersion = 77;
	objects = {

/* Begin PBXBuildFile section */
		22AB2A2F2D4BBF23002DEDAD /* FirebaseAuth in Frameworks */ = {isa = PBXBuildFile; productRef = 22AB2A2E2D4BBF23002DEDAD /* FirebaseAuth */; };
		22AB2A312D4BBF23002DEDAD /* FirebaseDatabase in Frameworks */ = {isa = PBXBuildFile; productRef = 22AB2A302D4BBF23002DEDAD /* FirebaseDatabase */; };
		22AB2A332D4BBF23002DEDAD /* FirebaseFirestore in Frameworks */ = {isa = PBXBuildFile; productRef = 22AB2A322D4BBF23002DEDAD /* FirebaseFirestore */; };
/* End PBXBuildFile section */

/* Begin PBXContainerItemProxy section */
		22AB2A0E2D4BB78D002DEDAD /* PBXContainerItemProxy */ = {
			isa = PBXContainerItemProxy;
			containerPortal = 22AB29EF2D4BB78A002DEDAD /* Project object */;
			proxyType = 1;
			remoteGlobalIDString = 22AB29F62D4BB78B002DEDAD;
			remoteInfo = FirebaseNotes;
		};
		22AB2A182D4BB78D002DEDAD /* PBXContainerItemProxy */ = {
			isa = PBXContainerItemProxy;
			containerPortal = 22AB29EF2D4BB78A002DEDAD /* Project object */;
			proxyType = 1;
			remoteGlobalIDString = 22AB29F62D4BB78B002DEDAD;
			remoteInfo = FirebaseNotes;
		};
/* End PBXContainerItemProxy section */

/* Begin PBXFileReference section */
		22AB29F72D4BB78B002DEDAD /* FirebaseNotes.app */ = {isa = PBXFileReference; explicitFileType = wrapper.application; includeInIndex = 0; path = FirebaseNotes.app; sourceTree = BUILT_PRODUCTS_DIR; };
		22AB2A0D2D4BB78D002DEDAD /* FirebaseNotesTests.xctest */ = {isa = PBXFileReference; explicitFileType = wrapper.cfbundle; includeInIndex = 0; path = FirebaseNotesTests.xctest; sourceTree = BUILT_PRODUCTS_DIR; };
		22AB2A172D4BB78D002DEDAD /* FirebaseNotesUITests.xctest */ = {isa = PBXFileReference; explicitFileType = wrapper.cfbundle; includeInIndex = 0; path = FirebaseNotesUITests.xctest; sourceTree = BUILT_PRODUCTS_DIR; };
/* End PBXFileReference section */

/* Begin PBXFileSystemSynchronizedBuildFileExceptionSet section */
		22AB2A1F2D4BB78D002DEDAD /* Exceptions for "FirebaseNotes" folder in "FirebaseNotes" target */ = {
			isa = PBXFileSystemSynchronizedBuildFileExceptionSet;
			membershipExceptions = (
				Info.plist,
			);
			target = 22AB29F62D4BB78B002DEDAD /* FirebaseNotes */;
		};
/* End PBXFileSystemSynchronizedBuildFileExceptionSet section */

/* Begin PBXFileSystemSynchronizedRootGroup section */
		22AB29F92D4BB78B002DEDAD /* FirebaseNotes */ = {
			isa = PBXFileSystemSynchronizedRootGroup;
			exceptions = (
				22AB2A1F2D4BB78D002DEDAD /* Exceptions for "FirebaseNotes" folder in "FirebaseNotes" target */,
			);
			path = FirebaseNotes;
			sourceTree = "<group>";
		};
		22AB2A102D4BB78D002DEDAD /* FirebaseNotesTests */ = {
			isa = PBXFileSystemSynchronizedRootGroup;
			path = FirebaseNotesTests;
			sourceTree = "<group>";
		};
		22AB2A1A2D4BB78D002DEDAD /* FirebaseNotesUITests */ = {
			isa = PBXFileSystemSynchronizedRootGroup;
			path = FirebaseNotesUITests;
			sourceTree = "<group>";
		};
/* End PBXFileSystemSynchronizedRootGroup section */

/* Begin PBXFrameworksBuildPhase section */
		22AB29F42D4BB78B002DEDAD /* Frameworks */ = {
			isa = PBXFrameworksBuildPhase;
			buildActionMask = 2147483647;
			files = (
				22AB2A312D4BBF23002DEDAD /* FirebaseDatabase in Frameworks */,
				22AB2A2F2D4BBF23002DEDAD /* FirebaseAuth in Frameworks */,
				22AB2A332D4BBF23002DEDAD /* FirebaseFirestore in Frameworks */,
			);
			runOnlyForDeploymentPostprocessing = 0;
		};
		22AB2A0A2D4BB78D002DEDAD /* Frameworks */ = {
			isa = PBXFrameworksBuildPhase;
			buildActionMask = 2147483647;
			files = (
			);
			runOnlyForDeploymentPostprocessing = 0;
		};
		22AB2A142D4BB78D002DEDAD /* Frameworks */ = {
			isa = PBXFrameworksBuildPhase;
			buildActionMask = 2147483647;
			files = (
			);
			runOnlyForDeploymentPostprocessing = 0;
		};
/* End PBXFrameworksBuildPhase section */

/* Begin PBXGroup section */
		22AB29EE2D4BB78A002DEDAD = {
			isa = PBXGroup;
			children = (
				22AB29F92D4BB78B002DEDAD /* FirebaseNotes */,
				22AB2A102D4BB78D002DEDAD /* FirebaseNotesTests */,
				22AB2A1A2D4BB78D002DEDAD /* FirebaseNotesUITests */,
				22AB29F82D4BB78B002DEDAD /* Products */,
			);
			sourceTree = "<group>";
		};
		22AB29F82D4BB78B002DEDAD /* Products */ = {
			isa = PBXGroup;
			children = (
				22AB29F72D4BB78B002DEDAD /* FirebaseNotes.app */,
				22AB2A0D2D4BB78D002DEDAD /* FirebaseNotesTests.xctest */,
				22AB2A172D4BB78D002DEDAD /* FirebaseNotesUITests.xctest */,
			);
			name = Products;
			sourceTree = "<group>";
		};
/* End PBXGroup section */

/* Begin PBXNativeTarget section */
		22AB29F62D4BB78B002DEDAD /* FirebaseNotes */ = {
			isa = PBXNativeTarget;
			buildConfigurationList = 22AB2A202D4BB78D002DEDAD /* Build configuration list for PBXNativeTarget "FirebaseNotes" */;
			buildPhases = (
				22AB29F32D4BB78B002DEDAD /* Sources */,
				22AB29F42D4BB78B002DEDAD /* Frameworks */,
				22AB29F52D4BB78B002DEDAD /* Resources */,
			);
			buildRules = (
			);
			dependencies = (
			);
			fileSystemSynchronizedGroups = (
				22AB29F92D4BB78B002DEDAD /* FirebaseNotes */,
			);
			name = FirebaseNotes;
			packageProductDependencies = (
				22AB2A2E2D4BBF23002DEDAD /* FirebaseAuth */,
				22AB2A302D4BBF23002DEDAD /* FirebaseDatabase */,
				22AB2A322D4BBF23002DEDAD /* FirebaseFirestore */,
			);
			productName = FirebaseNotes;
			productReference = 22AB29F72D4BB78B002DEDAD /* FirebaseNotes.app */;
			productType = "com.apple.product-type.application";
		};
		22AB2A0C2D4BB78D002DEDAD /* FirebaseNotesTests */ = {
			isa = PBXNativeTarget;
			buildConfigurationList = 22AB2A252D4BB78D002DEDAD /* Build configuration list for PBXNativeTarget "FirebaseNotesTests" */;
			buildPhases = (
				22AB2A092D4BB78D002DEDAD /* Sources */,
				22AB2A0A2D4BB78D002DEDAD /* Frameworks */,
				22AB2A0B2D4BB78D002DEDAD /* Resources */,
			);
			buildRules = (
			);
			dependencies = (
				22AB2A0F2D4BB78D002DEDAD /* PBXTargetDependency */,
			);
			fileSystemSynchronizedGroups = (
				22AB2A102D4BB78D002DEDAD /* FirebaseNotesTests */,
			);
			name = FirebaseNotesTests;
			packageProductDependencies = (
			);
			productName = FirebaseNotesTests;
			productReference = 22AB2A0D2D4BB78D002DEDAD /* FirebaseNotesTests.xctest */;
			productType = "com.apple.product-type.bundle.unit-test";
		};
		22AB2A162D4BB78D002DEDAD /* FirebaseNotesUITests */ = {
			isa = PBXNativeTarget;
			buildConfigurationList = 22AB2A282D4BB78D002DEDAD /* Build configuration list for PBXNativeTarget "FirebaseNotesUITests" */;
			buildPhases = (
				22AB2A132D4BB78D002DEDAD /* Sources */,
				22AB2A142D4BB78D002DEDAD /* Frameworks */,
				22AB2A152D4BB78D002DEDAD /* Resources */,
			);
			buildRules = (
			);
			dependencies = (
				22AB2A192D4BB78D002DEDAD /* PBXTargetDependency */,
			);
			fileSystemSynchronizedGroups = (
				22AB2A1A2D4BB78D002DEDAD /* FirebaseNotesUITests */,
			);
			name = FirebaseNotesUITests;
			packageProductDependencies = (
			);
			productName = FirebaseNotesUITests;
			productReference = 22AB2A172D4BB78D002DEDAD /* FirebaseNotesUITests.xctest */;
			productType = "com.apple.product-type.bundle.ui-testing";
		};
/* End PBXNativeTarget section */

/* Begin PBXProject section */
		22AB29EF2D4BB78A002DEDAD /* Project object */ = {
			isa = PBXProject;
			attributes = {
				BuildIndependentTargetsInParallel = 1;
				LastSwiftUpdateCheck = 1620;
				LastUpgradeCheck = 1620;
				TargetAttributes = {
					22AB29F62D4BB78B002DEDAD = {
						CreatedOnToolsVersion = 16.2;
					};
					22AB2A0C2D4BB78D002DEDAD = {
						CreatedOnToolsVersion = 16.2;
						TestTargetID = 22AB29F62D4BB78B002DEDAD;
					};
					22AB2A162D4BB78D002DEDAD = {
						CreatedOnToolsVersion = 16.2;
						TestTargetID = 22AB29F62D4BB78B002DEDAD;
					};
				};
			};
			buildConfigurationList = 22AB29F22D4BB78A002DEDAD /* Build configuration list for PBXProject "FirebaseNotes" */;
			developmentRegion = en;
			hasScannedForEncodings = 0;
			knownRegions = (
				en,
				Base,
			);
			mainGroup = 22AB29EE2D4BB78A002DEDAD;
			minimizedProjectReferenceProxies = 1;
			packageReferences = (
				22AB2A2D2D4BBF23002DEDAD /* XCRemoteSwiftPackageReference "firebase-ios-sdk" */,
			);
			preferredProjectObjectVersion = 77;
			productRefGroup = 22AB29F82D4BB78B002DEDAD /* Products */;
			projectDirPath = "";
			projectRoot = "";
			targets = (
				22AB29F62D4BB78B002DEDAD /* FirebaseNotes */,
				22AB2A0C2D4BB78D002DEDAD /* FirebaseNotesTests */,
				22AB2A162D4BB78D002DEDAD /* FirebaseNotesUITests */,
			);
		};
/* End PBXProject section */

/* Begin PBXResourcesBuildPhase section */
		22AB29F52D4BB78B002DEDAD /* Resources */ = {
			isa = PBXResourcesBuildPhase;
			buildActionMask = 2147483647;
			files = (
			);
			runOnlyForDeploymentPostprocessing = 0;
		};
		22AB2A0B2D4BB78D002DEDAD /* Resources */ = {
			isa = PBXResourcesBuildPhase;
			buildActionMask = 2147483647;
			files = (
			);
			runOnlyForDeploymentPostprocessing = 0;
		};
		22AB2A152D4BB78D002DEDAD /* Resources */ = {
			isa = PBXResourcesBuildPhase;
			buildActionMask = 2147483647;
			files = (
			);
			runOnlyForDeploymentPostprocessing = 0;
		};
/* End PBXResourcesBuildPhase section */

/* Begin PBXSourcesBuildPhase section */
		22AB29F32D4BB78B002DEDAD /* Sources */ = {
			isa = PBXSourcesBuildPhase;
			buildActionMask = 2147483647;
			files = (
			);
			runOnlyForDeploymentPostprocessing = 0;
		};
		22AB2A092D4BB78D002DEDAD /* Sources */ = {
			isa = PBXSourcesBuildPhase;
			buildActionMask = 2147483647;
			files = (
			);
			runOnlyForDeploymentPostprocessing = 0;
		};
		22AB2A132D4BB78D002DEDAD /* Sources */ = {
			isa = PBXSourcesBuildPhase;
			buildActionMask = 2147483647;
			files = (
			);
			runOnlyForDeploymentPostprocessing = 0;
		};
/* End PBXSourcesBuildPhase section */

/* Begin PBXTargetDependency section */
		22AB2A0F2D4BB78D002DEDAD /* PBXTargetDependency */ = {
			isa = PBXTargetDependency;
			target = 22AB29F62D4BB78B002DEDAD /* FirebaseNotes */;
			targetProxy = 22AB2A0E2D4BB78D002DEDAD /* PBXContainerItemProxy */;
		};
		22AB2A192D4BB78D002DEDAD /* PBXTargetDependency */ = {
			isa = PBXTargetDependency;
			target = 22AB29F62D4BB78B002DEDAD /* FirebaseNotes */;
			targetProxy = 22AB2A182D4BB78D002DEDAD /* PBXContainerItemProxy */;
		};
/* End PBXTargetDependency section */

/* Begin XCBuildConfiguration section */
		22AB2A212D4BB78D002DEDAD /* Debug */ = {
			isa = XCBuildConfiguration;
			buildSettings = {
				ASSETCATALOG_COMPILER_APPICON_NAME = AppIcon;
				ASSETCATALOG_COMPILER_GLOBAL_ACCENT_COLOR_NAME = AccentColor;
				CODE_SIGN_STYLE = Automatic;
				CURRENT_PROJECT_VERSION = 1;
				GENERATE_INFOPLIST_FILE = YES;
				INFOPLIST_FILE = FirebaseNotes/Info.plist;
				INFOPLIST_KEY_CFBundleDisplayName = FirebaseNotesSchmidt;
				INFOPLIST_KEY_UIApplicationSupportsIndirectInputEvents = YES;
				INFOPLIST_KEY_UILaunchStoryboardName = LaunchScreen;
				INFOPLIST_KEY_UIMainStoryboardFile = Main;
				INFOPLIST_KEY_UISupportedInterfaceOrientations_iPad = "UIInterfaceOrientationPortrait UIInterfaceOrientationPortraitUpsideDown UIInterfaceOrientationLandscapeLeft UIInterfaceOrientationLandscapeRight";
				INFOPLIST_KEY_UISupportedInterfaceOrientations_iPhone = "UIInterfaceOrientationPortrait UIInterfaceOrientationLandscapeLeft UIInterfaceOrientationLandscapeRight";
				LD_RUNPATH_SEARCH_PATHS = (
					"$(inherited)",
					"@executable_path/Frameworks",
				);
				MARKETING_VERSION = 1.0;
				PRODUCT_BUNDLE_IDENTIFIER = clc.FirebaseNotesSchmidt;
				PRODUCT_NAME = "$(TARGET_NAME)";
				SWIFT_EMIT_LOC_STRINGS = YES;
				SWIFT_VERSION = 5.0;
				TARGETED_DEVICE_FAMILY = "1,2";
			};
			name = Debug;
		};
		22AB2A222D4BB78D002DEDAD /* Release */ = {
			isa = XCBuildConfiguration;
			buildSettings = {
				ASSETCATALOG_COMPILER_APPICON_NAME = AppIcon;
				ASSETCATALOG_COMPILER_GLOBAL_ACCENT_COLOR_NAME = AccentColor;
				CODE_SIGN_STYLE = Automatic;
				CURRENT_PROJECT_VERSION = 1;
				GENERATE_INFOPLIST_FILE = YES;
				INFOPLIST_FILE = FirebaseNotes/Info.plist;
				INFOPLIST_KEY_CFBundleDisplayName = FirebaseNotesSchmidt;
				INFOPLIST_KEY_UIApplicationSupportsIndirectInputEvents = YES;
				INFOPLIST_KEY_UILaunchStoryboardName = LaunchScreen;
				INFOPLIST_KEY_UIMainStoryboardFile = Main;
				INFOPLIST_KEY_UISupportedInterfaceOrientations_iPad = "UIInterfaceOrientationPortrait UIInterfaceOrientationPortraitUpsideDown UIInterfaceOrientationLandscapeLeft UIInterfaceOrientationLandscapeRight";
				INFOPLIST_KEY_UISupportedInterfaceOrientations_iPhone = "UIInterfaceOrientationPortrait UIInterfaceOrientationLandscapeLeft UIInterfaceOrientationLandscapeRight";
				LD_RUNPATH_SEARCH_PATHS = (
					"$(inherited)",
					"@executable_path/Frameworks",
				);
				MARKETING_VERSION = 1.0;
				PRODUCT_BUNDLE_IDENTIFIER = clc.FirebaseNotesSchmidt;
				PRODUCT_NAME = "$(TARGET_NAME)";
				SWIFT_EMIT_LOC_STRINGS = YES;
				SWIFT_VERSION = 5.0;
				TARGETED_DEVICE_FAMILY = "1,2";
			};
			name = Release;
		};
		22AB2A232D4BB78D002DEDAD /* Debug */ = {
			isa = XCBuildConfiguration;
			buildSettings = {
				ALWAYS_SEARCH_USER_PATHS = NO;
				ASSETCATALOG_COMPILER_GENERATE_SWIFT_ASSET_SYMBOL_EXTENSIONS = YES;
				CLANG_ANALYZER_NONNULL = YES;
				CLANG_ANALYZER_NUMBER_OBJECT_CONVERSION = YES_AGGRESSIVE;
				CLANG_CXX_LANGUAGE_STANDARD = "gnu++20";
				CLANG_ENABLE_MODULES = YES;
				CLANG_ENABLE_OBJC_ARC = YES;
				CLANG_ENABLE_OBJC_WEAK = YES;
				CLANG_WARN_BLOCK_CAPTURE_AUTORELEASING = YES;
				CLANG_WARN_BOOL_CONVERSION = YES;
				CLANG_WARN_COMMA = YES;
				CLANG_WARN_CONSTANT_CONVERSION = YES;
				CLANG_WARN_DEPRECATED_OBJC_IMPLEMENTATIONS = YES;
				CLANG_WARN_DIRECT_OBJC_ISA_USAGE = YES_ERROR;
				CLANG_WARN_DOCUMENTATION_COMMENTS = YES;
				CLANG_WARN_EMPTY_BODY = YES;
				CLANG_WARN_ENUM_CONVERSION = YES;
				CLANG_WARN_INFINITE_RECURSION = YES;
				CLANG_WARN_INT_CONVERSION = YES;
				CLANG_WARN_NON_LITERAL_NULL_CONVERSION = YES;
				CLANG_WARN_OBJC_IMPLICIT_RETAIN_SELF = YES;
				CLANG_WARN_OBJC_LITERAL_CONVERSION = YES;
				CLANG_WARN_OBJC_ROOT_CLASS = YES_ERROR;
				CLANG_WARN_QUOTED_INCLUDE_IN_FRAMEWORK_HEADER = YES;
				CLANG_WARN_RANGE_LOOP_ANALYSIS = YES;
				CLANG_WARN_STRICT_PROTOTYPES = YES;
				CLANG_WARN_SUSPICIOUS_MOVE = YES;
				CLANG_WARN_UNGUARDED_AVAILABILITY = YES_AGGRESSIVE;
				CLANG_WARN_UNREACHABLE_CODE = YES;
				CLANG_WARN__DUPLICATE_METHOD_MATCH = YES;
				COPY_PHASE_STRIP = NO;
				DEBUG_INFORMATION_FORMAT = dwarf;
				ENABLE_STRICT_OBJC_MSGSEND = YES;
				ENABLE_TESTABILITY = YES;
				ENABLE_USER_SCRIPT_SANDBOXING = YES;
				GCC_C_LANGUAGE_STANDARD = gnu17;
				GCC_DYNAMIC_NO_PIC = NO;
				GCC_NO_COMMON_BLOCKS = YES;
				GCC_OPTIMIZATION_LEVEL = 0;
				GCC_PREPROCESSOR_DEFINITIONS = (
					"DEBUG=1",
					"$(inherited)",
				);
				GCC_WARN_64_TO_32_BIT_CONVERSION = YES;
				GCC_WARN_ABOUT_RETURN_TYPE = YES_ERROR;
				GCC_WARN_UNDECLARED_SELECTOR = YES;
				GCC_WARN_UNINITIALIZED_AUTOS = YES_AGGRESSIVE;
				GCC_WARN_UNUSED_FUNCTION = YES;
				GCC_WARN_UNUSED_VARIABLE = YES;
				IPHONEOS_DEPLOYMENT_TARGET = 18.2;
				LOCALIZATION_PREFERS_STRING_CATALOGS = YES;
				MTL_ENABLE_DEBUG_INFO = INCLUDE_SOURCE;
				MTL_FAST_MATH = YES;
				ONLY_ACTIVE_ARCH = YES;
				SDKROOT = iphoneos;
				SWIFT_ACTIVE_COMPILATION_CONDITIONS = "DEBUG $(inherited)";
				SWIFT_OPTIMIZATION_LEVEL = "-Onone";
			};
			name = Debug;
		};
		22AB2A242D4BB78D002DEDAD /* Release */ = {
			isa = XCBuildConfiguration;
			buildSettings = {
				ALWAYS_SEARCH_USER_PATHS = NO;
				ASSETCATALOG_COMPILER_GENERATE_SWIFT_ASSET_SYMBOL_EXTENSIONS = YES;
				CLANG_ANALYZER_NONNULL = YES;
				CLANG_ANALYZER_NUMBER_OBJECT_CONVERSION = YES_AGGRESSIVE;
				CLANG_CXX_LANGUAGE_STANDARD = "gnu++20";
				CLANG_ENABLE_MODULES = YES;
				CLANG_ENABLE_OBJC_ARC = YES;
				CLANG_ENABLE_OBJC_WEAK = YES;
				CLANG_WARN_BLOCK_CAPTURE_AUTORELEASING = YES;
				CLANG_WARN_BOOL_CONVERSION = YES;
				CLANG_WARN_COMMA = YES;
				CLANG_WARN_CONSTANT_CONVERSION = YES;
				CLANG_WARN_DEPRECATED_OBJC_IMPLEMENTATIONS = YES;
				CLANG_WARN_DIRECT_OBJC_ISA_USAGE = YES_ERROR;
				CLANG_WARN_DOCUMENTATION_COMMENTS = YES;
				CLANG_WARN_EMPTY_BODY = YES;
				CLANG_WARN_ENUM_CONVERSION = YES;
				CLANG_WARN_INFINITE_RECURSION = YES;
				CLANG_WARN_INT_CONVERSION = YES;
				CLANG_WARN_NON_LITERAL_NULL_CONVERSION = YES;
				CLANG_WARN_OBJC_IMPLICIT_RETAIN_SELF = YES;
				CLANG_WARN_OBJC_LITERAL_CONVERSION = YES;
				CLANG_WARN_OBJC_ROOT_CLASS = YES_ERROR;
				CLANG_WARN_QUOTED_INCLUDE_IN_FRAMEWORK_HEADER = YES;
				CLANG_WARN_RANGE_LOOP_ANALYSIS = YES;
				CLANG_WARN_STRICT_PROTOTYPES = YES;
				CLANG_WARN_SUSPICIOUS_MOVE = YES;
				CLANG_WARN_UNGUARDED_AVAILABILITY = YES_AGGRESSIVE;
				CLANG_WARN_UNREACHABLE_CODE = YES;
				CLANG_WARN__DUPLICATE_METHOD_MATCH = YES;
				COPY_PHASE_STRIP = NO;
				DEBUG_INFORMATION_FORMAT = "dwarf-with-dsym";
				ENABLE_NS_ASSERTIONS = NO;
				ENABLE_STRICT_OBJC_MSGSEND = YES;
				ENABLE_USER_SCRIPT_SANDBOXING = YES;
				GCC_C_LANGUAGE_STANDARD = gnu17;
				GCC_NO_COMMON_BLOCKS = YES;
				GCC_WARN_64_TO_32_BIT_CONVERSION = YES;
				GCC_WARN_ABOUT_RETURN_TYPE = YES_ERROR;
				GCC_WARN_UNDECLARED_SELECTOR = YES;
				GCC_WARN_UNINITIALIZED_AUTOS = YES_AGGRESSIVE;
				GCC_WARN_UNUSED_FUNCTION = YES;
				GCC_WARN_UNUSED_VARIABLE = YES;
				IPHONEOS_DEPLOYMENT_TARGET = 18.2;
				LOCALIZATION_PREFERS_STRING_CATALOGS = YES;
				MTL_ENABLE_DEBUG_INFO = NO;
				MTL_FAST_MATH = YES;
				SDKROOT = iphoneos;
				SWIFT_COMPILATION_MODE = wholemodule;
				VALIDATE_PRODUCT = YES;
			};
			name = Release;
		};
		22AB2A262D4BB78D002DEDAD /* Debug */ = {
			isa = XCBuildConfiguration;
			buildSettings = {
				BUNDLE_LOADER = "$(TEST_HOST)";
				CODE_SIGN_STYLE = Automatic;
				CURRENT_PROJECT_VERSION = 1;
				GENERATE_INFOPLIST_FILE = YES;
				IPHONEOS_DEPLOYMENT_TARGET = 18.2;
				MARKETING_VERSION = 1.0;
				PRODUCT_BUNDLE_IDENTIFIER = clc.FirebaseNotesTests;
				PRODUCT_NAME = "$(TARGET_NAME)";
				SWIFT_EMIT_LOC_STRINGS = NO;
				SWIFT_VERSION = 5.0;
				TARGETED_DEVICE_FAMILY = "1,2";
				TEST_HOST = "$(BUILT_PRODUCTS_DIR)/FirebaseNotes.app/$(BUNDLE_EXECUTABLE_FOLDER_PATH)/FirebaseNotes";
			};
			name = Debug;
		};
		22AB2A272D4BB78D002DEDAD /* Release */ = {
			isa = XCBuildConfiguration;
			buildSettings = {
				BUNDLE_LOADER = "$(TEST_HOST)";
				CODE_SIGN_STYLE = Automatic;
				CURRENT_PROJECT_VERSION = 1;
				GENERATE_INFOPLIST_FILE = YES;
				IPHONEOS_DEPLOYMENT_TARGET = 18.2;
				MARKETING_VERSION = 1.0;
				PRODUCT_BUNDLE_IDENTIFIER = clc.FirebaseNotesTests;
				PRODUCT_NAME = "$(TARGET_NAME)";
				SWIFT_EMIT_LOC_STRINGS = NO;
				SWIFT_VERSION = 5.0;
				TARGETED_DEVICE_FAMILY = "1,2";
				TEST_HOST = "$(BUILT_PRODUCTS_DIR)/FirebaseNotes.app/$(BUNDLE_EXECUTABLE_FOLDER_PATH)/FirebaseNotes";
			};
			name = Release;
		};
		22AB2A292D4BB78D002DEDAD /* Debug */ = {
			isa = XCBuildConfiguration;
			buildSettings = {
				CODE_SIGN_STYLE = Automatic;
				CURRENT_PROJECT_VERSION = 1;
				GENERATE_INFOPLIST_FILE = YES;
				MARKETING_VERSION = 1.0;
				PRODUCT_BUNDLE_IDENTIFIER = clc.FirebaseNotesUITests;
				PRODUCT_NAME = "$(TARGET_NAME)";
				SWIFT_EMIT_LOC_STRINGS = NO;
				SWIFT_VERSION = 5.0;
				TARGETED_DEVICE_FAMILY = "1,2";
				TEST_TARGET_NAME = FirebaseNotes;
			};
			name = Debug;
		};
		22AB2A2A2D4BB78D002DEDAD /* Release */ = {
			isa = XCBuildConfiguration;
			buildSettings = {
				CODE_SIGN_STYLE = Automatic;
				CURRENT_PROJECT_VERSION = 1;
				GENERATE_INFOPLIST_FILE = YES;
				MARKETING_VERSION = 1.0;
				PRODUCT_BUNDLE_IDENTIFIER = clc.FirebaseNotesUITests;
				PRODUCT_NAME = "$(TARGET_NAME)";
				SWIFT_EMIT_LOC_STRINGS = NO;
				SWIFT_VERSION = 5.0;
				TARGETED_DEVICE_FAMILY = "1,2";
				TEST_TARGET_NAME = FirebaseNotes;
			};
			name = Release;
		};
/* End XCBuildConfiguration section */

/* Begin XCConfigurationList section */
		22AB29F22D4BB78A002DEDAD /* Build configuration list for PBXProject "FirebaseNotes" */ = {
			isa = XCConfigurationList;
			buildConfigurations = (
				22AB2A232D4BB78D002DEDAD /* Debug */,
				22AB2A242D4BB78D002DEDAD /* Release */,
			);
			defaultConfigurationIsVisible = 0;
			defaultConfigurationName = Release;
		};
		22AB2A202D4BB78D002DEDAD /* Build configuration list for PBXNativeTarget "FirebaseNotes" */ = {
			isa = XCConfigurationList;
			buildConfigurations = (
				22AB2A212D4BB78D002DEDAD /* Debug */,
				22AB2A222D4BB78D002DEDAD /* Release */,
			);
			defaultConfigurationIsVisible = 0;
			defaultConfigurationName = Release;
		};
		22AB2A252D4BB78D002DEDAD /* Build configuration list for PBXNativeTarget "FirebaseNotesTests" */ = {
			isa = XCConfigurationList;
			buildConfigurations = (
				22AB2A262D4BB78D002DEDAD /* Debug */,
				22AB2A272D4BB78D002DEDAD /* Release */,
			);
			defaultConfigurationIsVisible = 0;
			defaultConfigurationName = Release;
		};
		22AB2A282D4BB78D002DEDAD /* Build configuration list for PBXNativeTarget "FirebaseNotesUITests" */ = {
			isa = XCConfigurationList;
			buildConfigurations = (
				22AB2A292D4BB78D002DEDAD /* Debug */,
				22AB2A2A2D4BB78D002DEDAD /* Release */,
			);
			defaultConfigurationIsVisible = 0;
			defaultConfigurationName = Release;
		};
/* End XCConfigurationList section */

/* Begin XCRemoteSwiftPackageReference section */
		22AB2A2D2D4BBF23002DEDAD /* XCRemoteSwiftPackageReference "firebase-ios-sdk" */ = {
			isa = XCRemoteSwiftPackageReference;
			repositoryURL = "https://github.com/firebase/firebase-ios-sdk";
			requirement = {
				kind = upToNextMajorVersion;
				minimumVersion = 11.7.0;
			};
		};
/* End XCRemoteSwiftPackageReference section */

/* Begin XCSwiftPackageProductDependency section */
		22AB2A2E2D4BBF23002DEDAD /* FirebaseAuth */ = {
			isa = XCSwiftPackageProductDependency;
			package = 22AB2A2D2D4BBF23002DEDAD /* XCRemoteSwiftPackageReference "firebase-ios-sdk" */;
			productName = FirebaseAuth;
		};
		22AB2A302D4BBF23002DEDAD /* FirebaseDatabase */ = {
			isa = XCSwiftPackageProductDependency;
			package = 22AB2A2D2D4BBF23002DEDAD /* XCRemoteSwiftPackageReference "firebase-ios-sdk" */;
			productName = FirebaseDatabase;
		};
		22AB2A322D4BBF23002DEDAD /* FirebaseFirestore */ = {
			isa = XCSwiftPackageProductDependency;
			package = 22AB2A2D2D4BBF23002DEDAD /* XCRemoteSwiftPackageReference "firebase-ios-sdk" */;
			productName = FirebaseFirestore;
		};
/* End XCSwiftPackageProductDependency section */
	};
	rootObject = 22AB29EF2D4BB78A002DEDAD /* Project object */;
}
